// !$*UTF8*$!
{
	archiveVersion = 1;
	classes = {
	};
	objectVersion = 77;
	objects = {

/* Begin PBXBuildFile section */
		00521936CCD32F77E7A4E1A1 /* Pods_MyColorMemoApp.framework in Frameworks */ = {isa = PBXBuildFile; fileRef = 6B17207603842D4D2859987B /* Pods_MyColorMemoApp.framework */; };
		90C92EE226FB5DC7DDCCA6A1 /* Pods_MyColorMemoApp_MyColorMemoAppUITests.framework in Frameworks */ = {isa = PBXBuildFile; fileRef = DB4030AB9C9097B3493CAD28 /* Pods_MyColorMemoApp_MyColorMemoAppUITests.framework */; };
		F9FA07B399815C46763BD83F /* Pods_MyColorMemoAppTests.framework in Frameworks */ = {isa = PBXBuildFile; fileRef = 07FB9C487E54F1E937D2E3CD /* Pods_MyColorMemoAppTests.framework */; };
/* End PBXBuildFile section */

/* Begin PBXContainerItemProxy section */
		EA671DEF2D413B1100951A44 /* PBXContainerItemProxy */ = {
			isa = PBXContainerItemProxy;
			containerPortal = EA671DD02D413B0C00951A44 /* Project object */;
			proxyType = 1;
			remoteGlobalIDString = EA671DD72D413B0C00951A44;
			remoteInfo = MyColorMemoApp;
		};
		EA671DF92D413B1100951A44 /* PBXContainerItemProxy */ = {
			isa = PBXContainerItemProxy;
			containerPortal = EA671DD02D413B0C00951A44 /* Project object */;
			proxyType = 1;
			remoteGlobalIDString = EA671DD72D413B0C00951A44;
			remoteInfo = MyColorMemoApp;
		};
/* End PBXContainerItemProxy section */

/* Begin PBXFileReference section */
		07FB9C487E54F1E937D2E3CD /* Pods_MyColorMemoAppTests.framework */ = {isa = PBXFileReference; explicitFileType = wrapper.framework; includeInIndex = 0; path = Pods_MyColorMemoAppTests.framework; sourceTree = BUILT_PRODUCTS_DIR; };
		1476392C07D455E1637C156E /* Pods-MyColorMemoApp.release.xcconfig */ = {isa = PBXFileReference; includeInIndex = 1; lastKnownFileType = text.xcconfig; name = "Pods-MyColorMemoApp.release.xcconfig"; path = "Target Support Files/Pods-MyColorMemoApp/Pods-MyColorMemoApp.release.xcconfig"; sourceTree = "<group>"; };
		4F23750064ACD355A66D0C97 /* Pods-MyColorMemoAppTests.release.xcconfig */ = {isa = PBXFileReference; includeInIndex = 1; lastKnownFileType = text.xcconfig; name = "Pods-MyColorMemoAppTests.release.xcconfig"; path = "Target Support Files/Pods-MyColorMemoAppTests/Pods-MyColorMemoAppTests.release.xcconfig"; sourceTree = "<group>"; };
		6B17207603842D4D2859987B /* Pods_MyColorMemoApp.framework */ = {isa = PBXFileReference; explicitFileType = wrapper.framework; includeInIndex = 0; path = Pods_MyColorMemoApp.framework; sourceTree = BUILT_PRODUCTS_DIR; };
		6BE580806CFEA93388A8A9BF /* Pods-MyColorMemoApp-MyColorMemoAppUITests.debug.xcconfig */ = {isa = PBXFileReference; includeInIndex = 1; lastKnownFileType = text.xcconfig; name = "Pods-MyColorMemoApp-MyColorMemoAppUITests.debug.xcconfig"; path = "Target Support Files/Pods-MyColorMemoApp-MyColorMemoAppUITests/Pods-MyColorMemoApp-MyColorMemoAppUITests.debug.xcconfig"; sourceTree = "<group>"; };
		7AA79813569ED3EAD12AE55E /* Pods-MyColorMemoApp.debug.xcconfig */ = {isa = PBXFileReference; includeInIndex = 1; lastKnownFileType = text.xcconfig; name = "Pods-MyColorMemoApp.debug.xcconfig"; path = "Target Support Files/Pods-MyColorMemoApp/Pods-MyColorMemoApp.debug.xcconfig"; sourceTree = "<group>"; };
		B1AEB862912E730F8B9A2410 /* Pods-MyColorMemoAppTests.debug.xcconfig */ = {isa = PBXFileReference; includeInIndex = 1; lastKnownFileType = text.xcconfig; name = "Pods-MyColorMemoAppTests.debug.xcconfig"; path = "Target Support Files/Pods-MyColorMemoAppTests/Pods-MyColorMemoAppTests.debug.xcconfig"; sourceTree = "<group>"; };
		DB4030AB9C9097B3493CAD28 /* Pods_MyColorMemoApp_MyColorMemoAppUITests.framework */ = {isa = PBXFileReference; explicitFileType = wrapper.framework; includeInIndex = 0; path = Pods_MyColorMemoApp_MyColorMemoAppUITests.framework; sourceTree = BUILT_PRODUCTS_DIR; };
		EA671DD82D413B0C00951A44 /* MyColorMemoApp.app */ = {isa = PBXFileReference; explicitFileType = wrapper.application; includeInIndex = 0; path = MyColorMemoApp.app; sourceTree = BUILT_PRODUCTS_DIR; };
		EA671DEE2D413B1100951A44 /* MyColorMemoAppTests.xctest */ = {isa = PBXFileReference; explicitFileType = wrapper.cfbundle; includeInIndex = 0; path = MyColorMemoAppTests.xctest; sourceTree = BUILT_PRODUCTS_DIR; };
		EA671DF82D413B1100951A44 /* MyColorMemoAppUITests.xctest */ = {isa = PBXFileReference; explicitFileType = wrapper.cfbundle; includeInIndex = 0; path = MyColorMemoAppUITests.xctest; sourceTree = BUILT_PRODUCTS_DIR; };
		ECE34897D72D75B0E716ED1B /* Pods-MyColorMemoApp-MyColorMemoAppUITests.release.xcconfig */ = {isa = PBXFileReference; includeInIndex = 1; lastKnownFileType = text.xcconfig; name = "Pods-MyColorMemoApp-MyColorMemoAppUITests.release.xcconfig"; path = "Target Support Files/Pods-MyColorMemoApp-MyColorMemoAppUITests/Pods-MyColorMemoApp-MyColorMemoAppUITests.release.xcconfig"; sourceTree = "<group>"; };
/* End PBXFileReference section */

/* Begin PBXFileSystemSynchronizedBuildFileExceptionSet section */
		EA671E002D413B1100951A44 /* Exceptions for "MyColorMemoApp" folder in "MyColorMemoApp" target */ = {
			isa = PBXFileSystemSynchronizedBuildFileExceptionSet;
			membershipExceptions = (
				Info.plist,
			);
			target = EA671DD72D413B0C00951A44 /* MyColorMemoApp */;
		};
/* End PBXFileSystemSynchronizedBuildFileExceptionSet section */

/* Begin PBXFileSystemSynchronizedRootGroup section */
		EA671DDA2D413B0C00951A44 /* MyColorMemoApp */ = {
			isa = PBXFileSystemSynchronizedRootGroup;
			exceptions = (
				EA671E002D413B1100951A44 /* Exceptions for "MyColorMemoApp" folder in "MyColorMemoApp" target */,
			);
			path = MyColorMemoApp;
			sourceTree = "<group>";
		};
		EA671DF12D413B1100951A44 /* MyColorMemoAppTests */ = {
			isa = PBXFileSystemSynchronizedRootGroup;
			path = MyColorMemoAppTests;
			sourceTree = "<group>";
		};
		EA671DFB2D413B1100951A44 /* MyColorMemoAppUITests */ = {
			isa = PBXFileSystemSynchronizedRootGroup;
			path = MyColorMemoAppUITests;
			sourceTree = "<group>";
		};
/* End PBXFileSystemSynchronizedRootGroup section */

/* Begin PBXFrameworksBuildPhase section */
		EA671DD52D413B0C00951A44 /* Frameworks */ = {
			isa = PBXFrameworksBuildPhase;
			buildActionMask = 2147483647;
			files = (
				00521936CCD32F77E7A4E1A1 /* Pods_MyColorMemoApp.framework in Frameworks */,
			);
			runOnlyForDeploymentPostprocessing = 0;
		};
		EA671DEB2D413B1100951A44 /* Frameworks */ = {
			isa = PBXFrameworksBuildPhase;
			buildActionMask = 2147483647;
			files = (
				F9FA07B399815C46763BD83F /* Pods_MyColorMemoAppTests.framework in Frameworks */,
			);
			runOnlyForDeploymentPostprocessing = 0;
		};
		EA671DF52D413B1100951A44 /* Frameworks */ = {
			isa = PBXFrameworksBuildPhase;
			buildActionMask = 2147483647;
			files = (
				90C92EE226FB5DC7DDCCA6A1 /* Pods_MyColorMemoApp_MyColorMemoAppUITests.framework in Frameworks */,
			);
			runOnlyForDeploymentPostprocessing = 0;
		};
/* End PBXFrameworksBuildPhase section */

/* Begin PBXGroup section */
		3AAF539BFCCB7E6BD4ABFE17 /* Pods */ = {
			isa = PBXGroup;
			children = (
				7AA79813569ED3EAD12AE55E /* Pods-MyColorMemoApp.debug.xcconfig */,
				1476392C07D455E1637C156E /* Pods-MyColorMemoApp.release.xcconfig */,
				6BE580806CFEA93388A8A9BF /* Pods-MyColorMemoApp-MyColorMemoAppUITests.debug.xcconfig */,
				ECE34897D72D75B0E716ED1B /* Pods-MyColorMemoApp-MyColorMemoAppUITests.release.xcconfig */,
				B1AEB862912E730F8B9A2410 /* Pods-MyColorMemoAppTests.debug.xcconfig */,
				4F23750064ACD355A66D0C97 /* Pods-MyColorMemoAppTests.release.xcconfig */,
			);
			path = Pods;
			sourceTree = "<group>";
		};
		86271FF3EB6824F74E9EFB36 /* Frameworks */ = {
			isa = PBXGroup;
			children = (
				6B17207603842D4D2859987B /* Pods_MyColorMemoApp.framework */,
				DB4030AB9C9097B3493CAD28 /* Pods_MyColorMemoApp_MyColorMemoAppUITests.framework */,
				07FB9C487E54F1E937D2E3CD /* Pods_MyColorMemoAppTests.framework */,
			);
			name = Frameworks;
			sourceTree = "<group>";
		};
		EA671DCF2D413B0C00951A44 = {
			isa = PBXGroup;
			children = (
				EA671DDA2D413B0C00951A44 /* MyColorMemoApp */,
				EA671DF12D413B1100951A44 /* MyColorMemoAppTests */,
				EA671DFB2D413B1100951A44 /* MyColorMemoAppUITests */,
				EA671DD92D413B0C00951A44 /* Products */,
				3AAF539BFCCB7E6BD4ABFE17 /* Pods */,
				86271FF3EB6824F74E9EFB36 /* Frameworks */,
			);
			sourceTree = "<group>";
		};
		EA671DD92D413B0C00951A44 /* Products */ = {
			isa = PBXGroup;
			children = (
				EA671DD82D413B0C00951A44 /* MyColorMemoApp.app */,
				EA671DEE2D413B1100951A44 /* MyColorMemoAppTests.xctest */,
				EA671DF82D413B1100951A44 /* MyColorMemoAppUITests.xctest */,
			);
			name = Products;
			sourceTree = "<group>";
		};
/* End PBXGroup section */

/* Begin PBXNativeTarget section */
		EA671DD72D413B0C00951A44 /* MyColorMemoApp */ = {
			isa = PBXNativeTarget;
			buildConfigurationList = EA671E012D413B1100951A44 /* Build configuration list for PBXNativeTarget "MyColorMemoApp" */;
			buildPhases = (
				7627C57BB325840EDDB179EF /* [CP] Check Pods Manifest.lock */,
				EA671DD42D413B0C00951A44 /* Sources */,
				EA671DD52D413B0C00951A44 /* Frameworks */,
				EA671DD62D413B0C00951A44 /* Resources */,
				6B33D501C46E13729834E25C /* [CP] Embed Pods Frameworks */,
			);
			buildRules = (
			);
			dependencies = (
			);
			fileSystemSynchronizedGroups = (
				EA671DDA2D413B0C00951A44 /* MyColorMemoApp */,
			);
			name = MyColorMemoApp;
			productName = MyColorMemoApp;
			productReference = EA671DD82D413B0C00951A44 /* MyColorMemoApp.app */;
			productType = "com.apple.product-type.application";
		};
		EA671DED2D413B1100951A44 /* MyColorMemoAppTests */ = {
			isa = PBXNativeTarget;
			buildConfigurationList = EA671E062D413B1100951A44 /* Build configuration list for PBXNativeTarget "MyColorMemoAppTests" */;
			buildPhases = (
				F2A6843718926702346592B8 /* [CP] Check Pods Manifest.lock */,
				EA671DEA2D413B1100951A44 /* Sources */,
				EA671DEB2D413B1100951A44 /* Frameworks */,
				EA671DEC2D413B1100951A44 /* Resources */,
			);
			buildRules = (
			);
			dependencies = (
				EA671DF02D413B1100951A44 /* PBXTargetDependency */,
			);
			fileSystemSynchronizedGroups = (
				EA671DF12D413B1100951A44 /* MyColorMemoAppTests */,
			);
			name = MyColorMemoAppTests;
			productName = MyColorMemoAppTests;
			productReference = EA671DEE2D413B1100951A44 /* MyColorMemoAppTests.xctest */;
			productType = "com.apple.product-type.bundle.unit-test";
		};
		EA671DF72D413B1100951A44 /* MyColorMemoAppUITests */ = {
			isa = PBXNativeTarget;
			buildConfigurationList = EA671E092D413B1100951A44 /* Build configuration list for PBXNativeTarget "MyColorMemoAppUITests" */;
			buildPhases = (
				CF93269B451F9F543F631DD9 /* [CP] Check Pods Manifest.lock */,
				EA671DF42D413B1100951A44 /* Sources */,
				EA671DF52D413B1100951A44 /* Frameworks */,
				EA671DF62D413B1100951A44 /* Resources */,
				398C2F2802E1A30B2B58FCA7 /* [CP] Embed Pods Frameworks */,
			);
			buildRules = (
			);
			dependencies = (
				EA671DFA2D413B1100951A44 /* PBXTargetDependency */,
			);
			fileSystemSynchronizedGroups = (
				EA671DFB2D413B1100951A44 /* MyColorMemoAppUITests */,
			);
			name = MyColorMemoAppUITests;
			productName = MyColorMemoAppUITests;
			productReference = EA671DF82D413B1100951A44 /* MyColorMemoAppUITests.xctest */;
			productType = "com.apple.product-type.bundle.ui-testing";
		};
/* End PBXNativeTarget section */

/* Begin PBXProject section */
		EA671DD02D413B0C00951A44 /* Project object */ = {
			isa = PBXProject;
			attributes = {
				BuildIndependentTargetsInParallel = 1;
				LastSwiftUpdateCheck = 1610;
				LastUpgradeCheck = 1610;
				TargetAttributes = {
					EA671DD72D413B0C00951A44 = {
						CreatedOnToolsVersion = 16.1;
					};
					EA671DED2D413B1100951A44 = {
						CreatedOnToolsVersion = 16.1;
						TestTargetID = EA671DD72D413B0C00951A44;
					};
					EA671DF72D413B1100951A44 = {
						CreatedOnToolsVersion = 16.1;
						TestTargetID = EA671DD72D413B0C00951A44;
					};
				};
			};
			buildConfigurationList = EA671DD32D413B0C00951A44 /* Build configuration list for PBXProject "MyColorMemoApp" */;
			developmentRegion = en;
			hasScannedForEncodings = 0;
			knownRegions = (
				en,
				Base,
			);
			mainGroup = EA671DCF2D413B0C00951A44;
			minimizedProjectReferenceProxies = 1;
			preferredProjectObjectVersion = 77;
			productRefGroup = EA671DD92D413B0C00951A44 /* Products */;
			projectDirPath = "";
			projectRoot = "";
			targets = (
				EA671DD72D413B0C00951A44 /* MyColorMemoApp */,
				EA671DED2D413B1100951A44 /* MyColorMemoAppTests */,
				EA671DF72D413B1100951A44 /* MyColorMemoAppUITests */,
			);
		};
/* End PBXProject section */

/* Begin PBXResourcesBuildPhase section */
		EA671DD62D413B0C00951A44 /* Resources */ = {
			isa = PBXResourcesBuildPhase;
			buildActionMask = 2147483647;
			files = (
			);
			runOnlyForDeploymentPostprocessing = 0;
		};
		EA671DEC2D413B1100951A44 /* Resources */ = {
			isa = PBXResourcesBuildPhase;
			buildActionMask = 2147483647;
			files = (
			);
			runOnlyForDeploymentPostprocessing = 0;
		};
		EA671DF62D413B1100951A44 /* Resources */ = {
			isa = PBXResourcesBuildPhase;
			buildActionMask = 2147483647;
			files = (
			);
			runOnlyForDeploymentPostprocessing = 0;
		};
/* End PBXResourcesBuildPhase section */

/* Begin PBXShellScriptBuildPhase section */
		398C2F2802E1A30B2B58FCA7 /* [CP] Embed Pods Frameworks */ = {
			isa = PBXShellScriptBuildPhase;
			buildActionMask = 2147483647;
			files = (
			);
			inputFileListPaths = (
				"${PODS_ROOT}/Target Support Files/Pods-MyColorMemoApp-MyColorMemoAppUITests/Pods-MyColorMemoApp-MyColorMemoAppUITests-frameworks-${CONFIGURATION}-input-files.xcfilelist",
			);
			name = "[CP] Embed Pods Frameworks";
			outputFileListPaths = (
				"${PODS_ROOT}/Target Support Files/Pods-MyColorMemoApp-MyColorMemoAppUITests/Pods-MyColorMemoApp-MyColorMemoAppUITests-frameworks-${CONFIGURATION}-output-files.xcfilelist",
			);
			runOnlyForDeploymentPostprocessing = 0;
			shellPath = /bin/sh;
			shellScript = "\"${PODS_ROOT}/Target Support Files/Pods-MyColorMemoApp-MyColorMemoAppUITests/Pods-MyColorMemoApp-MyColorMemoAppUITests-frameworks.sh\"\n";
			showEnvVarsInLog = 0;
		};
		6B33D501C46E13729834E25C /* [CP] Embed Pods Frameworks */ = {
			isa = PBXShellScriptBuildPhase;
			buildActionMask = 2147483647;
			files = (
			);
			inputFileListPaths = (
				"${PODS_ROOT}/Target Support Files/Pods-MyColorMemoApp/Pods-MyColorMemoApp-frameworks-${CONFIGURATION}-input-files.xcfilelist",
			);
			name = "[CP] Embed Pods Frameworks";
			outputFileListPaths = (
				"${PODS_ROOT}/Target Support Files/Pods-MyColorMemoApp/Pods-MyColorMemoApp-frameworks-${CONFIGURATION}-output-files.xcfilelist",
			);
			runOnlyForDeploymentPostprocessing = 0;
			shellPath = /bin/sh;
			shellScript = "\"${PODS_ROOT}/Target Support Files/Pods-MyColorMemoApp/Pods-MyColorMemoApp-frameworks.sh\"\n";
			showEnvVarsInLog = 0;
		};
		7627C57BB325840EDDB179EF /* [CP] Check Pods Manifest.lock */ = {
			isa = PBXShellScriptBuildPhase;
			buildActionMask = 2147483647;
			files = (
			);
			inputFileListPaths = (
			);
			inputPaths = (
				"${PODS_PODFILE_DIR_PATH}/Podfile.lock",
				"${PODS_ROOT}/Manifest.lock",
			);
			name = "[CP] Check Pods Manifest.lock";
			outputFileListPaths = (
			);
			outputPaths = (
				"$(DERIVED_FILE_DIR)/Pods-MyColorMemoApp-checkManifestLockResult.txt",
			);
			runOnlyForDeploymentPostprocessing = 0;
			shellPath = /bin/sh;
			shellScript = "diff \"${PODS_PODFILE_DIR_PATH}/Podfile.lock\" \"${PODS_ROOT}/Manifest.lock\" > /dev/null\nif [ $? != 0 ] ; then\n    # print error to STDERR\n    echo \"error: The sandbox is not in sync with the Podfile.lock. Run 'pod install' or update your CocoaPods installation.\" >&2\n    exit 1\nfi\n# This output is used by Xcode 'outputs' to avoid re-running this script phase.\necho \"SUCCESS\" > \"${SCRIPT_OUTPUT_FILE_0}\"\n";
			showEnvVarsInLog = 0;
		};
		CF93269B451F9F543F631DD9 /* [CP] Check Pods Manifest.lock */ = {
			isa = PBXShellScriptBuildPhase;
			buildActionMask = 2147483647;
			files = (
			);
			inputFileListPaths = (
			);
			inputPaths = (
				"${PODS_PODFILE_DIR_PATH}/Podfile.lock",
				"${PODS_ROOT}/Manifest.lock",
			);
			name = "[CP] Check Pods Manifest.lock";
			outputFileListPaths = (
			);
			outputPaths = (
				"$(DERIVED_FILE_DIR)/Pods-MyColorMemoApp-MyColorMemoAppUITests-checkManifestLockResult.txt",
			);
			runOnlyForDeploymentPostprocessing = 0;
			shellPath = /bin/sh;
			shellScript = "diff \"${PODS_PODFILE_DIR_PATH}/Podfile.lock\" \"${PODS_ROOT}/Manifest.lock\" > /dev/null\nif [ $? != 0 ] ; then\n    # print error to STDERR\n    echo \"error: The sandbox is not in sync with the Podfile.lock. Run 'pod install' or update your CocoaPods installation.\" >&2\n    exit 1\nfi\n# This output is used by Xcode 'outputs' to avoid re-running this script phase.\necho \"SUCCESS\" > \"${SCRIPT_OUTPUT_FILE_0}\"\n";
			showEnvVarsInLog = 0;
		};
		F2A6843718926702346592B8 /* [CP] Check Pods Manifest.lock */ = {
			isa = PBXShellScriptBuildPhase;
			buildActionMask = 2147483647;
			files = (
			);
			inputFileListPaths = (
			);
			inputPaths = (
				"${PODS_PODFILE_DIR_PATH}/Podfile.lock",
				"${PODS_ROOT}/Manifest.lock",
			);
			name = "[CP] Check Pods Manifest.lock";
			outputFileListPaths = (
			);
			outputPaths = (
				"$(DERIVED_FILE_DIR)/Pods-MyColorMemoAppTests-checkManifestLockResult.txt",
			);
			runOnlyForDeploymentPostprocessing = 0;
			shellPath = /bin/sh;
			shellScript = "diff \"${PODS_PODFILE_DIR_PATH}/Podfile.lock\" \"${PODS_ROOT}/Manifest.lock\" > /dev/null\nif [ $? != 0 ] ; then\n    # print error to STDERR\n    echo \"error: The sandbox is not in sync with the Podfile.lock. Run 'pod install' or update your CocoaPods installation.\" >&2\n    exit 1\nfi\n# This output is used by Xcode 'outputs' to avoid re-running this script phase.\necho \"SUCCESS\" > \"${SCRIPT_OUTPUT_FILE_0}\"\n";
			showEnvVarsInLog = 0;
		};
/* End PBXShellScriptBuildPhase section */

/* Begin PBXSourcesBuildPhase section */
		EA671DD42D413B0C00951A44 /* Sources */ = {
			isa = PBXSourcesBuildPhase;
			buildActionMask = 2147483647;
			files = (
			);
			runOnlyForDeploymentPostprocessing = 0;
		};
		EA671DEA2D413B1100951A44 /* Sources */ = {
			isa = PBXSourcesBuildPhase;
			buildActionMask = 2147483647;
			files = (
			);
			runOnlyForDeploymentPostprocessing = 0;
		};
		EA671DF42D413B1100951A44 /* Sources */ = {
			isa = PBXSourcesBuildPhase;
			buildActionMask = 2147483647;
			files = (
			);
			runOnlyForDeploymentPostprocessing = 0;
		};
/* End PBXSourcesBuildPhase section */

/* Begin PBXTargetDependency section */
		EA671DF02D413B1100951A44 /* PBXTargetDependency */ = {
			isa = PBXTargetDependency;
			target = EA671DD72D413B0C00951A44 /* MyColorMemoApp */;
			targetProxy = EA671DEF2D413B1100951A44 /* PBXContainerItemProxy */;
		};
		EA671DFA2D413B1100951A44 /* PBXTargetDependency */ = {
			isa = PBXTargetDependency;
			target = EA671DD72D413B0C00951A44 /* MyColorMemoApp */;
			targetProxy = EA671DF92D413B1100951A44 /* PBXContainerItemProxy */;
		};
/* End PBXTargetDependency section */

/* Begin XCBuildConfiguration section */
		EA671E022D413B1100951A44 /* Debug */ = {
			isa = XCBuildConfiguration;
			baseConfigurationReference = 7AA79813569ED3EAD12AE55E /* Pods-MyColorMemoApp.debug.xcconfig */;
			buildSettings = {
				ASSETCATALOG_COMPILER_APPICON_NAME = AppIcon;
				ASSETCATALOG_COMPILER_GLOBAL_ACCENT_COLOR_NAME = AccentColor;
				CODE_SIGN_STYLE = Automatic;
				CURRENT_PROJECT_VERSION = 1;
				DEVELOPMENT_TEAM = 594U6NA8CJ;
				GENERATE_INFOPLIST_FILE = YES;
				INFOPLIST_FILE = MyColorMemoApp/Info.plist;
				INFOPLIST_KEY_UIApplicationSupportsIndirectInputEvents = YES;
				INFOPLIST_KEY_UILaunchStoryboardName = LaunchScreen;
				INFOPLIST_KEY_UIMainStoryboardFile = Main;
				INFOPLIST_KEY_UISupportedInterfaceOrientations_iPad = "UIInterfaceOrientationPortrait UIInterfaceOrientationPortraitUpsideDown UIInterfaceOrientationLandscapeLeft UIInterfaceOrientationLandscapeRight";
				INFOPLIST_KEY_UISupportedInterfaceOrientations_iPhone = "UIInterfaceOrientationPortrait UIInterfaceOrientationLandscapeLeft UIInterfaceOrientationLandscapeRight";
				LD_RUNPATH_SEARCH_PATHS = (
					"$(inherited)",
					"@executable_path/Frameworks",
				);
				MARKETING_VERSION = 1.0;
				PRODUCT_BUNDLE_IDENTIFIER = com..MyColorMemoApp;
				PRODUCT_NAME = "$(TARGET_NAME)";
				SWIFT_EMIT_LOC_STRINGS = YES;
				SWIFT_VERSION = 5.0;
				TARGETED_DEVICE_FAMILY = "1,2";
			};
			name = Debug;
		};
		EA671E032D413B1100951A44 /* Release */ = {
			isa = XCBuildConfiguration;
			baseConfigurationReference = 1476392C07D455E1637C156E /* Pods-MyColorMemoApp.release.xcconfig */;
			buildSettings = {
				ASSETCATALOG_COMPILER_APPICON_NAME = AppIcon;
				ASSETCATALOG_COMPILER_GLOBAL_ACCENT_COLOR_NAME = AccentColor;
				CODE_SIGN_STYLE = Automatic;
				CURRENT_PROJECT_VERSION = 1;
				DEVELOPMENT_TEAM = 594U6NA8CJ;
				GENERATE_INFOPLIST_FILE = YES;
				INFOPLIST_FILE = MyColorMemoApp/Info.plist;
				INFOPLIST_KEY_UIApplicationSupportsIndirectInputEvents = YES;
				INFOPLIST_KEY_UILaunchStoryboardName = LaunchScreen;
				INFOPLIST_KEY_UIMainStoryboardFile = Main;
				INFOPLIST_KEY_UISupportedInterfaceOrientations_iPad = "UIInterfaceOrientationPortrait UIInterfaceOrientationPortraitUpsideDown UIInterfaceOrientationLandscapeLeft UIInterfaceOrientationLandscapeRight";
				INFOPLIST_KEY_UISupportedInterfaceOrientations_iPhone = "UIInterfaceOrientationPortrait UIInterfaceOrientationLandscapeLeft UIInterfaceOrientationLandscapeRight";
				LD_RUNPATH_SEARCH_PATHS = (
					"$(inherited)",
					"@executable_path/Frameworks",
				);
				MARKETING_VERSION = 1.0;
				PRODUCT_BUNDLE_IDENTIFIER = com..MyColorMemoApp;
				PRODUCT_NAME = "$(TARGET_NAME)";
				SWIFT_EMIT_LOC_STRINGS = YES;
				SWIFT_VERSION = 5.0;
				TARGETED_DEVICE_FAMILY = "1,2";
			};
			name = Release;
		};
		EA671E042D413B1100951A44 /* Debug */ = {
			isa = XCBuildConfiguration;
			buildSettings = {
				ALWAYS_SEARCH_USER_PATHS = NO;
				ASSETCATALOG_COMPILER_GENERATE_SWIFT_ASSET_SYMBOL_EXTENSIONS = YES;
				CLANG_ANALYZER_NONNULL = YES;
				CLANG_ANALYZER_NUMBER_OBJECT_CONVERSION = YES_AGGRESSIVE;
				CLANG_CXX_LANGUAGE_STANDARD = "gnu++20";
				CLANG_ENABLE_MODULES = YES;
				CLANG_ENABLE_OBJC_ARC = YES;
				CLANG_ENABLE_OBJC_WEAK = YES;
				CLANG_WARN_BLOCK_CAPTURE_AUTORELEASING = YES;
				CLANG_WARN_BOOL_CONVERSION = YES;
				CLANG_WARN_COMMA = YES;
				CLANG_WARN_CONSTANT_CONVERSION = YES;
				CLANG_WARN_DEPRECATED_OBJC_IMPLEMENTATIONS = YES;
				CLANG_WARN_DIRECT_OBJC_ISA_USAGE = YES_ERROR;
				CLANG_WARN_DOCUMENTATION_COMMENTS = YES;
				CLANG_WARN_EMPTY_BODY = YES;
				CLANG_WARN_ENUM_CONVERSION = YES;
				CLANG_WARN_INFINITE_RECURSION = YES;
				CLANG_WARN_INT_CONVERSION = YES;
				CLANG_WARN_NON_LITERAL_NULL_CONVERSION = YES;
				CLANG_WARN_OBJC_IMPLICIT_RETAIN_SELF = YES;
				CLANG_WARN_OBJC_LITERAL_CONVERSION = YES;
				CLANG_WARN_OBJC_ROOT_CLASS = YES_ERROR;
				CLANG_WARN_QUOTED_INCLUDE_IN_FRAMEWORK_HEADER = YES;
				CLANG_WARN_RANGE_LOOP_ANALYSIS = YES;
				CLANG_WARN_STRICT_PROTOTYPES = YES;
				CLANG_WARN_SUSPICIOUS_MOVE = YES;
				CLANG_WARN_UNGUARDED_AVAILABILITY = YES_AGGRESSIVE;
				CLANG_WARN_UNREACHABLE_CODE = YES;
				CLANG_WARN__DUPLICATE_METHOD_MATCH = YES;
				COPY_PHASE_STRIP = NO;
				DEBUG_INFORMATION_FORMAT = dwarf;
				ENABLE_STRICT_OBJC_MSGSEND = YES;
				ENABLE_TESTABILITY = YES;
				ENABLE_USER_SCRIPT_SANDBOXING = NO;
				GCC_C_LANGUAGE_STANDARD = gnu17;
				GCC_DYNAMIC_NO_PIC = NO;
				GCC_NO_COMMON_BLOCKS = YES;
				GCC_OPTIMIZATION_LEVEL = 0;
				GCC_PREPROCESSOR_DEFINITIONS = (
					"DEBUG=1",
					"$(inherited)",
				);
				GCC_WARN_64_TO_32_BIT_CONVERSION = YES;
				GCC_WARN_ABOUT_RETURN_TYPE = YES_ERROR;
				GCC_WARN_UNDECLARED_SELECTOR = YES;
				GCC_WARN_UNINITIALIZED_AUTOS = YES_AGGRESSIVE;
				GCC_WARN_UNUSED_FUNCTION = YES;
				GCC_WARN_UNUSED_VARIABLE = YES;
				IPHONEOS_DEPLOYMENT_TARGET = 18.1;
				LOCALIZATION_PREFERS_STRING_CATALOGS = YES;
				MTL_ENABLE_DEBUG_INFO = INCLUDE_SOURCE;
				MTL_FAST_MATH = YES;
				ONLY_ACTIVE_ARCH = YES;
				SDKROOT = iphoneos;
				SWIFT_ACTIVE_COMPILATION_CONDITIONS = "DEBUG $(inherited)";
				SWIFT_OPTIMIZATION_LEVEL = "-Onone";
			};
			name = Debug;
		};
		EA671E052D413B1100951A44 /* Release */ = {
			isa = XCBuildConfiguration;
			buildSettings = {
				ALWAYS_SEARCH_USER_PATHS = NO;
				ASSETCATALOG_COMPILER_GENERATE_SWIFT_ASSET_SYMBOL_EXTENSIONS = YES;
				CLANG_ANALYZER_NONNULL = YES;
				CLANG_ANALYZER_NUMBER_OBJECT_CONVERSION = YES_AGGRESSIVE;
				CLANG_CXX_LANGUAGE_STANDARD = "gnu++20";
				CLANG_ENABLE_MODULES = YES;
				CLANG_ENABLE_OBJC_ARC = YES;
				CLANG_ENABLE_OBJC_WEAK = YES;
				CLANG_WARN_BLOCK_CAPTURE_AUTORELEASING = YES;
				CLANG_WARN_BOOL_CONVERSION = YES;
				CLANG_WARN_COMMA = YES;
				CLANG_WARN_CONSTANT_CONVERSION = YES;
				CLANG_WARN_DEPRECATED_OBJC_IMPLEMENTATIONS = YES;
				CLANG_WARN_DIRECT_OBJC_ISA_USAGE = YES_ERROR;
				CLANG_WARN_DOCUMENTATION_COMMENTS = YES;
				CLANG_WARN_EMPTY_BODY = YES;
				CLANG_WARN_ENUM_CONVERSION = YES;
				CLANG_WARN_INFINITE_RECURSION = YES;
				CLANG_WARN_INT_CONVERSION = YES;
				CLANG_WARN_NON_LITERAL_NULL_CONVERSION = YES;
				CLANG_WARN_OBJC_IMPLICIT_RETAIN_SELF = YES;
				CLANG_WARN_OBJC_LITERAL_CONVERSION = YES;
				CLANG_WARN_OBJC_ROOT_CLASS = YES_ERROR;
				CLANG_WARN_QUOTED_INCLUDE_IN_FRAMEWORK_HEADER = YES;
				CLANG_WARN_RANGE_LOOP_ANALYSIS = YES;
				CLANG_WARN_STRICT_PROTOTYPES = YES;
				CLANG_WARN_SUSPICIOUS_MOVE = YES;
				CLANG_WARN_UNGUARDED_AVAILABILITY = YES_AGGRESSIVE;
				CLANG_WARN_UNREACHABLE_CODE = YES;
				CLANG_WARN__DUPLICATE_METHOD_MATCH = YES;
				COPY_PHASE_STRIP = NO;
				DEBUG_INFORMATION_FORMAT = "dwarf-with-dsym";
				ENABLE_NS_ASSERTIONS = NO;
				ENABLE_STRICT_OBJC_MSGSEND = YES;
				ENABLE_USER_SCRIPT_SANDBOXING = NO;
				GCC_C_LANGUAGE_STANDARD = gnu17;
				GCC_NO_COMMON_BLOCKS = YES;
				GCC_WARN_64_TO_32_BIT_CONVERSION = YES;
				GCC_WARN_ABOUT_RETURN_TYPE = YES_ERROR;
				GCC_WARN_UNDECLARED_SELECTOR = YES;
				GCC_WARN_UNINITIALIZED_AUTOS = YES_AGGRESSIVE;
				GCC_WARN_UNUSED_FUNCTION = YES;
				GCC_WARN_UNUSED_VARIABLE = YES;
				IPHONEOS_DEPLOYMENT_TARGET = 18.1;
				LOCALIZATION_PREFERS_STRING_CATALOGS = YES;
				MTL_ENABLE_DEBUG_INFO = NO;
				MTL_FAST_MATH = YES;
				SDKROOT = iphoneos;
				SWIFT_COMPILATION_MODE = wholemodule;
				VALIDATE_PRODUCT = YES;
			};
			name = Release;
		};
		EA671E072D413B1100951A44 /* Debug */ = {
			isa = XCBuildConfiguration;
			baseConfigurationReference = B1AEB862912E730F8B9A2410 /* Pods-MyColorMemoAppTests.debug.xcconfig */;
			buildSettings = {
				BUNDLE_LOADER = "$(TEST_HOST)";
				CODE_SIGN_STYLE = Automatic;
				CURRENT_PROJECT_VERSION = 1;
				DEVELOPMENT_TEAM = 594U6NA8CJ;
				GENERATE_INFOPLIST_FILE = YES;
				IPHONEOS_DEPLOYMENT_TARGET = 18.1;
				MARKETING_VERSION = 1.0;
				PRODUCT_BUNDLE_IDENTIFIER = com..MyColorMemoAppTests;
				PRODUCT_NAME = "$(TARGET_NAME)";
				SWIFT_EMIT_LOC_STRINGS = NO;
				SWIFT_VERSION = 5.0;
				TARGETED_DEVICE_FAMILY = "1,2";
				TEST_HOST = "$(BUILT_PRODUCTS_DIR)/MyColorMemoApp.app/$(BUNDLE_EXECUTABLE_FOLDER_PATH)/MyColorMemoApp";
			};
			name = Debug;
		};
		EA671E082D413B1100951A44 /* Release */ = {
			isa = XCBuildConfiguration;
			baseConfigurationReference = 4F23750064ACD355A66D0C97 /* Pods-MyColorMemoAppTests.release.xcconfig */;
			buildSettings = {
				BUNDLE_LOADER = "$(TEST_HOST)";
				CODE_SIGN_STYLE = Automatic;
				CURRENT_PROJECT_VERSION = 1;
				DEVELOPMENT_TEAM = 594U6NA8CJ;
				GENERATE_INFOPLIST_FILE = YES;
				IPHONEOS_DEPLOYMENT_TARGET = 18.1;
				MARKETING_VERSION = 1.0;
				PRODUCT_BUNDLE_IDENTIFIER = com..MyColorMemoAppTests;
				PRODUCT_NAME = "$(TARGET_NAME)";
				SWIFT_EMIT_LOC_STRINGS = NO;
				SWIFT_VERSION = 5.0;
				TARGETED_DEVICE_FAMILY = "1,2";
				TEST_HOST = "$(BUILT_PRODUCTS_DIR)/MyColorMemoApp.app/$(BUNDLE_EXECUTABLE_FOLDER_PATH)/MyColorMemoApp";
			};
			name = Release;
		};
		EA671E0A2D413B1100951A44 /* Debug */ = {
			isa = XCBuildConfiguration;
			baseConfigurationReference = 6BE580806CFEA93388A8A9BF /* Pods-MyColorMemoApp-MyColorMemoAppUITests.debug.xcconfig */;
			buildSettings = {
				CODE_SIGN_STYLE = Automatic;
				CURRENT_PROJECT_VERSION = 1;
				DEVELOPMENT_TEAM = 594U6NA8CJ;
				GENERATE_INFOPLIST_FILE = YES;
				MARKETING_VERSION = 1.0;
				PRODUCT_BUNDLE_IDENTIFIER = com..MyColorMemoAppUITests;
				PRODUCT_NAME = "$(TARGET_NAME)";
				SWIFT_EMIT_LOC_STRINGS = NO;
				SWIFT_VERSION = 5.0;
				TARGETED_DEVICE_FAMILY = "1,2";
				TEST_TARGET_NAME = MyColorMemoApp;
			};
			name = Debug;
		};
		EA671E0B2D413B1100951A44 /* Release */ = {
			isa = XCBuildConfiguration;
			baseConfigurationReference = ECE34897D72D75B0E716ED1B /* Pods-MyColorMemoApp-MyColorMemoAppUITests.release.xcconfig */;
			buildSettings = {
				CODE_SIGN_STYLE = Automatic;
				CURRENT_PROJECT_VERSION = 1;
				DEVELOPMENT_TEAM = 594U6NA8CJ;
				GENERATE_INFOPLIST_FILE = YES;
				MARKETING_VERSION = 1.0;
				PRODUCT_BUNDLE_IDENTIFIER = com..MyColorMemoAppUITests;
				PRODUCT_NAME = "$(TARGET_NAME)";
				SWIFT_EMIT_LOC_STRINGS = NO;
				SWIFT_VERSION = 5.0;
				TARGETED_DEVICE_FAMILY = "1,2";
				TEST_TARGET_NAME = MyColorMemoApp;
			};
			name = Release;
		};
/* End XCBuildConfiguration section */

/* Begin XCConfigurationList section */
		EA671DD32D413B0C00951A44 /* Build configuration list for PBXProject "MyColorMemoApp" */ = {
			isa = XCConfigurationList;
			buildConfigurations = (
				EA671E042D413B1100951A44 /* Debug */,
				EA671E052D413B1100951A44 /* Release */,
			);
			defaultConfigurationIsVisible = 0;
			defaultConfigurationName = Release;
		};
		EA671E012D413B1100951A44 /* Build configuration list for PBXNativeTarget "MyColorMemoApp" */ = {
			isa = XCConfigurationList;
			buildConfigurations = (
				EA671E022D413B1100951A44 /* Debug */,
				EA671E032D413B1100951A44 /* Release */,
			);
			defaultConfigurationIsVisible = 0;
			defaultConfigurationName = Release;
		};
		EA671E062D413B1100951A44 /* Build configuration list for PBXNativeTarget "MyColorMemoAppTests" */ = {
			isa = XCConfigurationList;
			buildConfigurations = (
				EA671E072D413B1100951A44 /* Debug */,
				EA671E082D413B1100951A44 /* Release */,
			);
			defaultConfigurationIsVisible = 0;
			defaultConfigurationName = Release;
		};
		EA671E092D413B1100951A44 /* Build configuration list for PBXNativeTarget "MyColorMemoAppUITests" */ = {
			isa = XCConfigurationList;
			buildConfigurations = (
				EA671E0A2D413B1100951A44 /* Debug */,
				EA671E0B2D413B1100951A44 /* Release */,
			);
			defaultConfigurationIsVisible = 0;
			defaultConfigurationName = Release;
		};
/* End XCConfigurationList section */
	};
	rootObject = EA671DD02D413B0C00951A44 /* Project object */;
}
